// !$*UTF8*$!
{
	archiveVersion = 1;
	classes = {
	};
	objectVersion = 46;
	objects = {

/* Begin PBXBuildFile section */
		4894BDA41D45CECB00C6B82D /* AppDelegate.swift in Sources */ = {isa = PBXBuildFile; fileRef = 4894BDA31D45CECB00C6B82D /* AppDelegate.swift */; };
		4894BDA61D45CECB00C6B82D /* ViewController.swift in Sources */ = {isa = PBXBuildFile; fileRef = 4894BDA51D45CECB00C6B82D /* ViewController.swift */; };
		4894BDA91D45CECB00C6B82D /* Main.storyboard in Resources */ = {isa = PBXBuildFile; fileRef = 4894BDA71D45CECB00C6B82D /* Main.storyboard */; };
		4894BDAB1D45CECB00C6B82D /* Assets.xcassets in Resources */ = {isa = PBXBuildFile; fileRef = 4894BDAA1D45CECB00C6B82D /* Assets.xcassets */; };
		4894BDAE1D45CECB00C6B82D /* LaunchScreen.storyboard in Resources */ = {isa = PBXBuildFile; fileRef = 4894BDAC1D45CECB00C6B82D /* LaunchScreen.storyboard */; };
		4894BDB91D45CECB00C6B82D /* CustomCalloutDemoTests.swift in Sources */ = {isa = PBXBuildFile; fileRef = 4894BDB81D45CECB00C6B82D /* CustomCalloutDemoTests.swift */; };
		4894BDC91D45D3F300C6B82D /* CustomAnnotationView.swift in Sources */ = {isa = PBXBuildFile; fileRef = 4894BDC81D45D3F300C6B82D /* CustomAnnotationView.swift */; };
		4894BDCB1D45D62400C6B82D /* CustomAnnotationView.xib in Resources */ = {isa = PBXBuildFile; fileRef = 4894BDCA1D45D62400C6B82D /* CustomAnnotationView.xib */; };
/* End PBXBuildFile section */

/* Begin PBXContainerItemProxy section */
		4894BDB51D45CECB00C6B82D /* PBXContainerItemProxy */ = {
			isa = PBXContainerItemProxy;
			containerPortal = 4894BD981D45CECB00C6B82D /* Project object */;
			proxyType = 1;
			remoteGlobalIDString = 4894BD9F1D45CECB00C6B82D;
			remoteInfo = CustomCalloutDemo;
		};
/* End PBXContainerItemProxy section */

/* Begin PBXFileReference section */
		4894BDA01D45CECB00C6B82D /* CustomCalloutDemo.app */ = {isa = PBXFileReference; explicitFileType = wrapper.application; includeInIndex = 0; path = CustomCalloutDemo.app; sourceTree = BUILT_PRODUCTS_DIR; };
		4894BDA31D45CECB00C6B82D /* AppDelegate.swift */ = {isa = PBXFileReference; lastKnownFileType = sourcecode.swift; path = AppDelegate.swift; sourceTree = "<group>"; };
		4894BDA51D45CECB00C6B82D /* ViewController.swift */ = {isa = PBXFileReference; lastKnownFileType = sourcecode.swift; path = ViewController.swift; sourceTree = "<group>"; };
		4894BDA81D45CECB00C6B82D /* Base */ = {isa = PBXFileReference; lastKnownFileType = file.storyboard; name = Base; path = Base.lproj/Main.storyboard; sourceTree = "<group>"; };
		4894BDAA1D45CECB00C6B82D /* Assets.xcassets */ = {isa = PBXFileReference; lastKnownFileType = folder.assetcatalog; path = Assets.xcassets; sourceTree = "<group>"; };
		4894BDAD1D45CECB00C6B82D /* Base */ = {isa = PBXFileReference; lastKnownFileType = file.storyboard; name = Base; path = Base.lproj/LaunchScreen.storyboard; sourceTree = "<group>"; };
		4894BDAF1D45CECB00C6B82D /* Info.plist */ = {isa = PBXFileReference; lastKnownFileType = text.plist.xml; path = Info.plist; sourceTree = "<group>"; };
		4894BDB41D45CECB00C6B82D /* CustomCalloutDemoTests.xctest */ = {isa = PBXFileReference; explicitFileType = wrapper.cfbundle; includeInIndex = 0; path = CustomCalloutDemoTests.xctest; sourceTree = BUILT_PRODUCTS_DIR; };
		4894BDB81D45CECB00C6B82D /* CustomCalloutDemoTests.swift */ = {isa = PBXFileReference; lastKnownFileType = sourcecode.swift; path = CustomCalloutDemoTests.swift; sourceTree = "<group>"; };
		4894BDBA1D45CECB00C6B82D /* Info.plist */ = {isa = PBXFileReference; lastKnownFileType = text.plist.xml; path = Info.plist; sourceTree = "<group>"; };
		4894BDC81D45D3F300C6B82D /* CustomAnnotationView.swift */ = {isa = PBXFileReference; fileEncoding = 4; lastKnownFileType = sourcecode.swift; path = CustomAnnotationView.swift; sourceTree = "<group>"; };
		4894BDCA1D45D62400C6B82D /* CustomAnnotationView.xib */ = {isa = PBXFileReference; fileEncoding = 4; lastKnownFileType = file.xib; path = CustomAnnotationView.xib; sourceTree = "<group>"; };
/* End PBXFileReference section */

/* Begin PBXFrameworksBuildPhase section */
		4894BD9D1D45CECB00C6B82D /* Frameworks */ = {
			isa = PBXFrameworksBuildPhase;
			buildActionMask = 2147483647;
			files = (
			);
			runOnlyForDeploymentPostprocessing = 0;
		};
		4894BDB11D45CECB00C6B82D /* Frameworks */ = {
			isa = PBXFrameworksBuildPhase;
			buildActionMask = 2147483647;
			files = (
			);
			runOnlyForDeploymentPostprocessing = 0;
		};
/* End PBXFrameworksBuildPhase section */

/* Begin PBXGroup section */
		4894BD971D45CECB00C6B82D = {
			isa = PBXGroup;
			children = (
				4894BDA21D45CECB00C6B82D /* CustomCalloutDemo */,
				4894BDB71D45CECB00C6B82D /* CustomCalloutDemoTests */,
				4894BDA11D45CECB00C6B82D /* Products */,
			);
			sourceTree = "<group>";
		};
		4894BDA11D45CECB00C6B82D /* Products */ = {
			isa = PBXGroup;
			children = (
				4894BDA01D45CECB00C6B82D /* CustomCalloutDemo.app */,
				4894BDB41D45CECB00C6B82D /* CustomCalloutDemoTests.xctest */,
			);
			name = Products;
			sourceTree = "<group>";
		};
		4894BDA21D45CECB00C6B82D /* CustomCalloutDemo */ = {
			isa = PBXGroup;
			children = (
				4894BDC41D45D26D00C6B82D /* app */,
				4894BDC31D45D26500C6B82D /* controller */,
				4894BDC51D45D3AC00C6B82D /* view */,
				4894BDC61D45D3BA00C6B82D /* resources */,
			);
			path = CustomCalloutDemo;
			sourceTree = "<group>";
		};
		4894BDB71D45CECB00C6B82D /* CustomCalloutDemoTests */ = {
			isa = PBXGroup;
			children = (
				4894BDB81D45CECB00C6B82D /* CustomCalloutDemoTests.swift */,
				4894BDBA1D45CECB00C6B82D /* Info.plist */,
			);
			path = CustomCalloutDemoTests;
			sourceTree = "<group>";
		};
		4894BDC31D45D26500C6B82D /* controller */ = {
			isa = PBXGroup;
			children = (
				4894BDA51D45CECB00C6B82D /* ViewController.swift */,
			);
			name = controller;
			sourceTree = "<group>";
		};
		4894BDC41D45D26D00C6B82D /* app */ = {
			isa = PBXGroup;
			children = (
				4894BDA31D45CECB00C6B82D /* AppDelegate.swift */,
			);
			name = app;
			sourceTree = "<group>";
		};
		4894BDC51D45D3AC00C6B82D /* view */ = {
			isa = PBXGroup;
			children = (
				4894BDC81D45D3F300C6B82D /* CustomAnnotationView.swift */,
				4894BDCA1D45D62400C6B82D /* CustomAnnotationView.xib */,
			);
			name = view;
			sourceTree = "<group>";
		};
		4894BDC61D45D3BA00C6B82D /* resources */ = {
			isa = PBXGroup;
			children = (
				4894BDA71D45CECB00C6B82D /* Main.storyboard */,
				4894BDAA1D45CECB00C6B82D /* Assets.xcassets */,
				4894BDAC1D45CECB00C6B82D /* LaunchScreen.storyboard */,
				4894BDAF1D45CECB00C6B82D /* Info.plist */,
			);
			name = resources;
			sourceTree = "<group>";
		};
/* End PBXGroup section */

/* Begin PBXNativeTarget section */
		4894BD9F1D45CECB00C6B82D /* CustomCalloutDemo */ = {
			isa = PBXNativeTarget;
			buildConfigurationList = 4894BDBD1D45CECB00C6B82D /* Build configuration list for PBXNativeTarget "CustomCalloutDemo" */;
			buildPhases = (
				4894BD9C1D45CECB00C6B82D /* Sources */,
				4894BD9D1D45CECB00C6B82D /* Frameworks */,
				4894BD9E1D45CECB00C6B82D /* Resources */,
			);
			buildRules = (
			);
			dependencies = (
			);
			name = CustomCalloutDemo;
			productName = CustomCalloutDemo;
			productReference = 4894BDA01D45CECB00C6B82D /* CustomCalloutDemo.app */;
			productType = "com.apple.product-type.application";
		};
		4894BDB31D45CECB00C6B82D /* CustomCalloutDemoTests */ = {
			isa = PBXNativeTarget;
			buildConfigurationList = 4894BDC01D45CECB00C6B82D /* Build configuration list for PBXNativeTarget "CustomCalloutDemoTests" */;
			buildPhases = (
				4894BDB01D45CECB00C6B82D /* Sources */,
				4894BDB11D45CECB00C6B82D /* Frameworks */,
				4894BDB21D45CECB00C6B82D /* Resources */,
			);
			buildRules = (
			);
			dependencies = (
				4894BDB61D45CECB00C6B82D /* PBXTargetDependency */,
			);
			name = CustomCalloutDemoTests;
			productName = CustomCalloutDemoTests;
			productReference = 4894BDB41D45CECB00C6B82D /* CustomCalloutDemoTests.xctest */;
			productType = "com.apple.product-type.bundle.unit-test";
		};
/* End PBXNativeTarget section */

/* Begin PBXProject section */
		4894BD981D45CECB00C6B82D /* Project object */ = {
			isa = PBXProject;
			attributes = {
				LastSwiftUpdateCheck = 0730;
				LastUpgradeCheck = 0730;
				ORGANIZATIONNAME = "Ravi Shankar";
				TargetAttributes = {
					4894BD9F1D45CECB00C6B82D = {
						CreatedOnToolsVersion = 7.3.1;
					};
					4894BDB31D45CECB00C6B82D = {
						CreatedOnToolsVersion = 7.3.1;
						TestTargetID = 4894BD9F1D45CECB00C6B82D;
					};
				};
			};
			buildConfigurationList = 4894BD9B1D45CECB00C6B82D /* Build configuration list for PBXProject "CustomCalloutDemo" */;
			compatibilityVersion = "Xcode 3.2";
			developmentRegion = English;
			hasScannedForEncodings = 0;
			knownRegions = (
				en,
				Base,
			);
			mainGroup = 4894BD971D45CECB00C6B82D;
			productRefGroup = 4894BDA11D45CECB00C6B82D /* Products */;
			projectDirPath = "";
			projectRoot = "";
			targets = (
				4894BD9F1D45CECB00C6B82D /* CustomCalloutDemo */,
				4894BDB31D45CECB00C6B82D /* CustomCalloutDemoTests */,
			);
		};
/* End PBXProject section */

/* Begin PBXResourcesBuildPhase section */
		4894BD9E1D45CECB00C6B82D /* Resources */ = {
			isa = PBXResourcesBuildPhase;
			buildActionMask = 2147483647;
			files = (
				4894BDAE1D45CECB00C6B82D /* LaunchScreen.storyboard in Resources */,
				4894BDAB1D45CECB00C6B82D /* Assets.xcassets in Resources */,
				4894BDCB1D45D62400C6B82D /* CustomAnnotationView.xib in Resources */,
				4894BDA91D45CECB00C6B82D /* Main.storyboard in Resources */,
			);
			runOnlyForDeploymentPostprocessing = 0;
		};
		4894BDB21D45CECB00C6B82D /* Resources */ = {
			isa = PBXResourcesBuildPhase;
			buildActionMask = 2147483647;
			files = (
			);
			runOnlyForDeploymentPostprocessing = 0;
		};
/* End PBXResourcesBuildPhase section */

/* Begin PBXSourcesBuildPhase section */
		4894BD9C1D45CECB00C6B82D /* Sources */ = {
			isa = PBXSourcesBuildPhase;
			buildActionMask = 2147483647;
			files = (
				4894BDA61D45CECB00C6B82D /* ViewController.swift in Sources */,
				4894BDC91D45D3F300C6B82D /* CustomAnnotationView.swift in Sources */,
				4894BDA41D45CECB00C6B82D /* AppDelegate.swift in Sources */,
			);
			runOnlyForDeploymentPostprocessing = 0;
		};
		4894BDB01D45CECB00C6B82D /* Sources */ = {
			isa = PBXSourcesBuildPhase;
			buildActionMask = 2147483647;
			files = (
				4894BDB91D45CECB00C6B82D /* CustomCalloutDemoTests.swift in Sources */,
			);
			runOnlyForDeploymentPostprocessing = 0;
		};
/* End PBXSourcesBuildPhase section */

/* Begin PBXTargetDependency section */
		4894BDB61D45CECB00C6B82D /* PBXTargetDependency */ = {
			isa = PBXTargetDependency;
			target = 4894BD9F1D45CECB00C6B82D /* CustomCalloutDemo */;
			targetProxy = 4894BDB51D45CECB00C6B82D /* PBXContainerItemProxy */;
		};
/* End PBXTargetDependency section */

/* Begin PBXVariantGroup section */
		4894BDA71D45CECB00C6B82D /* Main.storyboard */ = {
			isa = PBXVariantGroup;
			children = (
				4894BDA81D45CECB00C6B82D /* Base */,
			);
			name = Main.storyboard;
			sourceTree = "<group>";
		};
		4894BDAC1D45CECB00C6B82D /* LaunchScreen.storyboard */ = {
			isa = PBXVariantGroup;
			children = (
				4894BDAD1D45CECB00C6B82D /* Base */,
			);
			name = LaunchScreen.storyboard;
			sourceTree = "<group>";
		};
/* End PBXVariantGroup section */

/* Begin XCBuildConfiguration section */
		4894BDBB1D45CECB00C6B82D /* Debug */ = {
			isa = XCBuildConfiguration;
			buildSettings = {
				ALWAYS_SEARCH_USER_PATHS = NO;
				CLANG_ANALYZER_NONNULL = YES;
				CLANG_CXX_LANGUAGE_STANDARD = "gnu++0x";
				CLANG_CXX_LIBRARY = "libc++";
				CLANG_ENABLE_MODULES = YES;
				CLANG_ENABLE_OBJC_ARC = YES;
				CLANG_WARN_BOOL_CONVERSION = YES;
				CLANG_WARN_CONSTANT_CONVERSION = YES;
				CLANG_WARN_DIRECT_OBJC_ISA_USAGE = YES_ERROR;
				CLANG_WARN_EMPTY_BODY = YES;
				CLANG_WARN_ENUM_CONVERSION = YES;
				CLANG_WARN_INT_CONVERSION = YES;
				CLANG_WARN_OBJC_ROOT_CLASS = YES_ERROR;
				CLANG_WARN_UNREACHABLE_CODE = YES;
				CLANG_WARN__DUPLICATE_METHOD_MATCH = YES;
				"CODE_SIGN_IDENTITY[sdk=iphoneos*]" = "iPhone Developer";
				COPY_PHASE_STRIP = NO;
				DEBUG_INFORMATION_FORMAT = dwarf;
				ENABLE_STRICT_OBJC_MSGSEND = YES;
				ENABLE_TESTABILITY = YES;
				GCC_C_LANGUAGE_STANDARD = gnu99;
				GCC_DYNAMIC_NO_PIC = NO;
				GCC_NO_COMMON_BLOCKS = YES;
				GCC_OPTIMIZATION_LEVEL = 0;
				GCC_PREPROCESSOR_DEFINITIONS = (
					"DEBUG=1",
					"$(inherited)",
				);
				GCC_WARN_64_TO_32_BIT_CONVERSION = YES;
				GCC_WARN_ABOUT_RETURN_TYPE = YES_ERROR;
				GCC_WARN_UNDECLARED_SELECTOR = YES;
				GCC_WARN_UNINITIALIZED_AUTOS = YES_AGGRESSIVE;
				GCC_WARN_UNUSED_FUNCTION = YES;
				GCC_WARN_UNUSED_VARIABLE = YES;
				IPHONEOS_DEPLOYMENT_TARGET = 9.3;
				MTL_ENABLE_DEBUG_INFO = YES;
				ONLY_ACTIVE_ARCH = YES;
				SDKROOT = iphoneos;
				SWIFT_OPTIMIZATION_LEVEL = "-Onone";
			};
			name = Debug;
		};
		4894BDBC1D45CECB00C6B82D /* Release */ = {
			isa = XCBuildConfiguration;
			buildSettings = {
				ALWAYS_SEARCH_USER_PATHS = NO;
				CLANG_ANALYZER_NONNULL = YES;
				CLANG_CXX_LANGUAGE_STANDARD = "gnu++0x";
				CLANG_CXX_LIBRARY = "libc++";
				CLANG_ENABLE_MODULES = YES;
				CLANG_ENABLE_OBJC_ARC = YES;
				CLANG_WARN_BOOL_CONVERSION = YES;
				CLANG_WARN_CONSTANT_CONVERSION = YES;
				CLANG_WARN_DIRECT_OBJC_ISA_USAGE = YES_ERROR;
				CLANG_WARN_EMPTY_BODY = YES;
				CLANG_WARN_ENUM_CONVERSION = YES;
				CLANG_WARN_INT_CONVERSION = YES;
				CLANG_WARN_OBJC_ROOT_CLASS = YES_ERROR;
				CLANG_WARN_UNREACHABLE_CODE = YES;
				CLANG_WARN__DUPLICATE_METHOD_MATCH = YES;
				"CODE_SIGN_IDENTITY[sdk=iphoneos*]" = "iPhone Developer";
				COPY_PHASE_STRIP = NO;
				DEBUG_INFORMATION_FORMAT = "dwarf-with-dsym";
				ENABLE_NS_ASSERTIONS = NO;
				ENABLE_STRICT_OBJC_MSGSEND = YES;
				GCC_C_LANGUAGE_STANDARD = gnu99;
				GCC_NO_COMMON_BLOCKS = YES;
				GCC_WARN_64_TO_32_BIT_CONVERSION = YES;
				GCC_WARN_ABOUT_RETURN_TYPE = YES_ERROR;
				GCC_WARN_UNDECLARED_SELECTOR = YES;
				GCC_WARN_UNINITIALIZED_AUTOS = YES_AGGRESSIVE;
				GCC_WARN_UNUSED_FUNCTION = YES;
				GCC_WARN_UNUSED_VARIABLE = YES;
				IPHONEOS_DEPLOYMENT_TARGET = 9.3;
				MTL_ENABLE_DEBUG_INFO = NO;
				SDKROOT = iphoneos;
				VALIDATE_PRODUCT = YES;
			};
			name = Release;
		};
		4894BDBE1D45CECB00C6B82D /* Debug */ = {
			isa = XCBuildConfiguration;
			buildSettings = {
				ASSETCATALOG_COMPILER_APPICON_NAME = AppIcon;
				INFOPLIST_FILE = CustomCalloutDemo/Info.plist;
				LD_RUNPATH_SEARCH_PATHS = "$(inherited) @executable_path/Frameworks";
				PRODUCT_BUNDLE_IDENTIFIER = com.rshankar.CustomCalloutDemo;
				PRODUCT_NAME = "$(TARGET_NAME)";
			};
			name = Debug;
		};
		4894BDBF1D45CECB00C6B82D /* Release */ = {
			isa = XCBuildConfiguration;
			buildSettings = {
				ASSETCATALOG_COMPILER_APPICON_NAME = AppIcon;
				INFOPLIST_FILE = CustomCalloutDemo/Info.plist;
				LD_RUNPATH_SEARCH_PATHS = "$(inherited) @executable_path/Frameworks";
				PRODUCT_BUNDLE_IDENTIFIER = com.rshankar.CustomCalloutDemo;
				PRODUCT_NAME = "$(TARGET_NAME)";
			};
			name = Release;
		};
		4894BDC11D45CECB00C6B82D /* Debug */ = {
			isa = XCBuildConfiguration;
			buildSettings = {
				BUNDLE_LOADER = "$(TEST_HOST)";
				INFOPLIST_FILE = CustomCalloutDemoTests/Info.plist;
				LD_RUNPATH_SEARCH_PATHS = "$(inherited) @executable_path/Frameworks @loader_path/Frameworks";
				PRODUCT_BUNDLE_IDENTIFIER = com.rshankar.CustomCalloutDemoTests;
				PRODUCT_NAME = "$(TARGET_NAME)";
				TEST_HOST = "$(BUILT_PRODUCTS_DIR)/CustomCalloutDemo.app/CustomCalloutDemo";
			};
			name = Debug;
		};
		4894BDC21D45CECB00C6B82D /* Release */ = {
			isa = XCBuildConfiguration;
			buildSettings = {
				BUNDLE_LOADER = "$(TEST_HOST)";
				INFOPLIST_FILE = CustomCalloutDemoTests/Info.plist;
				LD_RUNPATH_SEARCH_PATHS = "$(inherited) @executable_path/Frameworks @loader_path/Frameworks";
				PRODUCT_BUNDLE_IDENTIFIER = com.rshankar.CustomCalloutDemoTests;
				PRODUCT_NAME = "$(TARGET_NAME)";
				TEST_HOST = "$(BUILT_PRODUCTS_DIR)/CustomCalloutDemo.app/CustomCalloutDemo";
			};
			name = Release;
		};
/* End XCBuildConfiguration section */

/* Begin XCConfigurationList section */
		4894BD9B1D45CECB00C6B82D /* Build configuration list for PBXProject "CustomCalloutDemo" */ = {
			isa = XCConfigurationList;
			buildConfigurations = (
				4894BDBB1D45CECB00C6B82D /* Debug */,
				4894BDBC1D45CECB00C6B82D /* Release */,
			);
			defaultConfigurationIsVisible = 0;
			defaultConfigurationName = Release;
		};
		4894BDBD1D45CECB00C6B82D /* Build configuration list for PBXNativeTarget "CustomCalloutDemo" */ = {
			isa = XCConfigurationList;
			buildConfigurations = (
				4894BDBE1D45CECB00C6B82D /* Debug */,
				4894BDBF1D45CECB00C6B82D /* Release */,
			);
			defaultConfigurationIsVisible = 0;
		};
		4894BDC01D45CECB00C6B82D /* Build configuration list for PBXNativeTarget "CustomCalloutDemoTests" */ = {
			isa = XCConfigurationList;
			buildConfigurations = (
				4894BDC11D45CECB00C6B82D /* Debug */,
				4894BDC21D45CECB00C6B82D /* Release */,
			);
			defaultConfigurationIsVisible = 0;
		};
/* End XCConfigurationList section */
	};
	rootObject = 4894BD981D45CECB00C6B82D /* Project object */;
}
